
Microsoft Visual Studio Solution File, Format Version 12.00
# Visual Studio 15
Project("{FAE04EC0-301F-11D3-BF4B-00C04F79EFBC}") = "Assembly-CSharp", "Assembly-CSharp.csproj", "{994DAB33-AA4F-C751-A496-8F2B09B25169}"
EndProject
Global
	GlobalSection(SolutionConfigurationPlatforms) = preSolution
		Debug|Any CPU = Debug|Any CPU
		Release|Any CPU = Release|Any CPU
	EndGlobalSection
	GlobalSection(ProjectConfigurationPlatforms) = postSolution
		{994DAB33-AA4F-C751-A496-8F2B09B25169}.Debug|Any CPU.ActiveCfg = Debug|Any CPU
		{994DAB33-AA4F-C751-A496-8F2B09B25169}.Debug|Any CPU.Build.0 = Debug|Any CPU
		{994DAB33-AA4F-C751-A496-8F2B09B25169}.Release|Any CPU.ActiveCfg = Release|Any CPU
		{994DAB33-AA4F-C751-A496-8F2B09B25169}.Release|Any CPU.Build.0 = Release|Any CPU
	EndGlobalSection
	GlobalSection(SolutionProperties) = preSolution
		HideSolutionNode = FALSE
	EndGlobalSection
EndGlobal
